# This file is automatically @generated by Cargo.
# It is not intended for manual editing.
version = 3

[[package]]
name = "cargit"
version = "0.3.3"
dependencies = [
 "gmec",
]

[[package]]
name = "gmec"
version = "0.0.3"
source = "registry+https://github.com/rust-lang/crates.io-index"
checksum = "91e83594ba79034c5c84e9f1f79ca8d3ec5cb25f194e225c0c9b8017cc347d17"
